
Microsoft Visual Studio Solution File, Format Version 12.00
# Visual Studio Version 16
VisualStudioVersion = 16.0.29709.97
MinimumVisualStudioVersion = 10.0.40219.1
Project("{FAE04EC0-301F-11D3-BF4B-00C04F79EFBC}") = "ERP_TECOOP.Server", "ERP_TECOOP\Server\ERP_TECOOP.Server.csproj", "{5DAB2C86-B6BF-427E-B3C7-73DD67B83B75}"
EndProject
Project("{FAE04EC0-301F-11D3-BF4B-00C04F79EFBC}") = "ERP_TECOOP.Client", "ERP_TECOOP\Client\ERP_TECOOP.Client.csproj", "{55D00FFB-8322-4C76-861C-8A07314FB141}"
EndProject
Project("{FAE04EC0-301F-11D3-BF4B-00C04F79EFBC}") = "ERP_TECOOP.Shared", "ERP_TECOOP\Shared\ERP_TECOOP.Shared.csproj", "{5ADC0D68-E698-4AFA-BFAE-D120D11A7398}"
EndProject
Global
	GlobalSection(SolutionConfigurationPlatforms) = preSolution
		Debug|Any CPU = Debug|Any CPU
		Release|Any CPU = Release|Any CPU
	EndGlobalSection
	GlobalSection(ProjectConfigurationPlatforms) = postSolution
		{5DAB2C86-B6BF-427E-B3C7-73DD67B83B75}.Debug|Any CPU.ActiveCfg = Debug|Any CPU
		{5DAB2C86-B6BF-427E-B3C7-73DD67B83B75}.Debug|Any CPU.Build.0 = Debug|Any CPU
		{5DAB2C86-B6BF-427E-B3C7-73DD67B83B75}.Release|Any CPU.ActiveCfg = Release|Any CPU
		{5DAB2C86-B6BF-427E-B3C7-73DD67B83B75}.Release|Any CPU.Build.0 = Release|Any CPU
		{55D00FFB-8322-4C76-861C-8A07314FB141}.Debug|Any CPU.ActiveCfg = Debug|Any CPU
		{55D00FFB-8322-4C76-861C-8A07314FB141}.Debug|Any CPU.Build.0 = Debug|Any CPU
		{55D00FFB-8322-4C76-861C-8A07314FB141}.Release|Any CPU.ActiveCfg = Release|Any CPU
		{55D00FFB-8322-4C76-861C-8A07314FB141}.Release|Any CPU.Build.0 = Release|Any CPU
		{5ADC0D68-E698-4AFA-BFAE-D120D11A7398}.Debug|Any CPU.ActiveCfg = Debug|Any CPU
		{5ADC0D68-E698-4AFA-BFAE-D120D11A7398}.Debug|Any CPU.Build.0 = Debug|Any CPU
		{5ADC0D68-E698-4AFA-BFAE-D120D11A7398}.Release|Any CPU.ActiveCfg = Release|Any CPU
		{5ADC0D68-E698-4AFA-BFAE-D120D11A7398}.Release|Any CPU.Build.0 = Release|Any CPU
	EndGlobalSection
	GlobalSection(SolutionProperties) = preSolution
		HideSolutionNode = FALSE
	EndGlobalSection
	GlobalSection(ExtensibilityGlobals) = postSolution
		SolutionGuid = {E0C74D00-9D84-4FBA-AAE8-D9D2621FE17E}
	EndGlobalSection
EndGlobal
